{
  "name": "stratego",
  "version": "1.0.0",
  "lockfileVersion": 3,
  "requires": true,
  "packages": {
    "": {
      "name": "stratego",
      "version": "1.0.0",
      "license": "ISC",
      "devDependencies": {
        "@types/assert": "^1.5.7",
        "typescript": "^5.2.2"
      }
    },
    "node_modules/@types/assert": {
      "version": "1.5.7",
      "resolved": "https://registry.npmjs.org/@types/assert/-/assert-1.5.7.tgz",
      "integrity": "sha512-qRK5tg1LaErm1uQBTu3YrVscZwPAbhGdXWtPG8YiiwUXQ68eKouiantdQmQCQ/cVXGZc/uBdH2TTbWwdpkOB0g==",
      "dev": true
    },
    "node_modules/typescript": {
      "version": "5.2.2",
      "resolved": "https://registry.npmjs.org/typescript/-/typescript-5.2.2.tgz",
      "integrity": "sha512-mI4WrpHsbCIcwT9cF4FZvr80QUeKvsUsUvKDoR+X/7XHQH98xYD8YHZg7ANtz2GtZt/CBq2QJ0thkGJMHfqc1w==",
      "dev": true,
      "bin": {
        "tsc": "bin/tsc",
        "tsserver": "bin/tsserver"
      },
      "engines": {
        "node": ">=14.17"
      }
    }
  }
}
